
Microsoft Visual Studio Solution File, Format Version 12.00
# Visual Studio 15
VisualStudioVersion = 15.0.26124.0
MinimumVisualStudioVersion = 15.0.26124.0
Project("{FAE04EC0-301F-11D3-BF4B-00C04F79EFBC}") = "Katas.NetCore.StringCalculator", "src\Katas.NetCore.StringCalculator.csproj", "{FC4B0766-3C5B-4A4D-A95E-F9209C7E9BF9}"
EndProject
Project("{FAE04EC0-301F-11D3-BF4B-00C04F79EFBC}") = "Katas.NetCore.StringCalculator.Tests", "tests\Katas.NetCore.StringCalculator.Tests.csproj", "{1ECFB5A8-8AE9-4C5E-A4C8-14E38C83FD1B}"
EndProject
Global
	GlobalSection(SolutionConfigurationPlatforms) = preSolution
		Debug|Any CPU = Debug|Any CPU
		Debug|x64 = Debug|x64
		Debug|x86 = Debug|x86
		Release|Any CPU = Release|Any CPU
		Release|x64 = Release|x64
		Release|x86 = Release|x86
	EndGlobalSection
	GlobalSection(SolutionProperties) = preSolution
		HideSolutionNode = FALSE
	EndGlobalSection
	GlobalSection(ProjectConfigurationPlatforms) = postSolution
		{FC4B0766-3C5B-4A4D-A95E-F9209C7E9BF9}.Debug|Any CPU.ActiveCfg = Debug|Any CPU
		{FC4B0766-3C5B-4A4D-A95E-F9209C7E9BF9}.Debug|Any CPU.Build.0 = Debug|Any CPU
		{FC4B0766-3C5B-4A4D-A95E-F9209C7E9BF9}.Debug|x64.ActiveCfg = Debug|Any CPU
		{FC4B0766-3C5B-4A4D-A95E-F9209C7E9BF9}.Debug|x64.Build.0 = Debug|Any CPU
		{FC4B0766-3C5B-4A4D-A95E-F9209C7E9BF9}.Debug|x86.ActiveCfg = Debug|Any CPU
		{FC4B0766-3C5B-4A4D-A95E-F9209C7E9BF9}.Debug|x86.Build.0 = Debug|Any CPU
		{FC4B0766-3C5B-4A4D-A95E-F9209C7E9BF9}.Release|Any CPU.ActiveCfg = Release|Any CPU
		{FC4B0766-3C5B-4A4D-A95E-F9209C7E9BF9}.Release|Any CPU.Build.0 = Release|Any CPU
		{FC4B0766-3C5B-4A4D-A95E-F9209C7E9BF9}.Release|x64.ActiveCfg = Release|Any CPU
		{FC4B0766-3C5B-4A4D-A95E-F9209C7E9BF9}.Release|x64.Build.0 = Release|Any CPU
		{FC4B0766-3C5B-4A4D-A95E-F9209C7E9BF9}.Release|x86.ActiveCfg = Release|Any CPU
		{FC4B0766-3C5B-4A4D-A95E-F9209C7E9BF9}.Release|x86.Build.0 = Release|Any CPU
		{1ECFB5A8-8AE9-4C5E-A4C8-14E38C83FD1B}.Debug|Any CPU.ActiveCfg = Debug|Any CPU
		{1ECFB5A8-8AE9-4C5E-A4C8-14E38C83FD1B}.Debug|Any CPU.Build.0 = Debug|Any CPU
		{1ECFB5A8-8AE9-4C5E-A4C8-14E38C83FD1B}.Debug|x64.ActiveCfg = Debug|Any CPU
		{1ECFB5A8-8AE9-4C5E-A4C8-14E38C83FD1B}.Debug|x64.Build.0 = Debug|Any CPU
		{1ECFB5A8-8AE9-4C5E-A4C8-14E38C83FD1B}.Debug|x86.ActiveCfg = Debug|Any CPU
		{1ECFB5A8-8AE9-4C5E-A4C8-14E38C83FD1B}.Debug|x86.Build.0 = Debug|Any CPU
		{1ECFB5A8-8AE9-4C5E-A4C8-14E38C83FD1B}.Release|Any CPU.ActiveCfg = Release|Any CPU
		{1ECFB5A8-8AE9-4C5E-A4C8-14E38C83FD1B}.Release|Any CPU.Build.0 = Release|Any CPU
		{1ECFB5A8-8AE9-4C5E-A4C8-14E38C83FD1B}.Release|x64.ActiveCfg = Release|Any CPU
		{1ECFB5A8-8AE9-4C5E-A4C8-14E38C83FD1B}.Release|x64.Build.0 = Release|Any CPU
		{1ECFB5A8-8AE9-4C5E-A4C8-14E38C83FD1B}.Release|x86.ActiveCfg = Release|Any CPU
		{1ECFB5A8-8AE9-4C5E-A4C8-14E38C83FD1B}.Release|x86.Build.0 = Release|Any CPU
	EndGlobalSection
EndGlobal
